<?xml version="1.0" encoding="utf-8"?>
<Project ToolsVersion="4.0" xmlns="http://schemas.microsoft.com/developer/msbuild/2003">
  <ItemGroup>
    <Filter Include="Sources">
      <UniqueIdentifier>{9b56835c-03ad-4138-b57e-8e5d5bec34fd}</UniqueIdentifier>
    </Filter>
  </ItemGroup>
  <ItemGroup>
    <ClCompile Include="pcrio.c">
      <Filter>Sources</Filter>
    </ClCompile>
  </ItemGroup>
  <ItemGroup>
    <ClInclude Include="pcrdef.h">
      <Filter>Sources</Filter>
    </ClInclude>
    <ClInclude Include="pcrio.h">
      <Filter>Sources</Filter>
    </ClInclude>
  </ItemGroup>
</Project>